// !$*UTF8*$!
{
	archiveVersion = 1;
	classes = {
	};
	objectVersion = 52;
	objects = {

/* Begin PBXBuildFile section */
		0A361F9B23CE1B53000F834D /* EmptyStateView.swift in Sources */ = {isa = PBXBuildFile; fileRef = 0A361F9A23CE1B53000F834D /* EmptyStateView.swift */; };
		0A3C953623FB666F00E18D49 /* CourseShift.swift in Sources */ = {isa = PBXBuildFile; fileRef = 0A3C953523FB666F00E18D49 /* CourseShift.swift */; };
		0A9A819723B29F58000CF645 /* Date+String.swift in Sources */ = {isa = PBXBuildFile; fileRef = 0A9A819623B29F58000CF645 /* Date+String.swift */; };
		0A9A819923B2A192000CF645 /* Subject+Int.swift in Sources */ = {isa = PBXBuildFile; fileRef = 0A9A819823B2A192000CF645 /* Subject+Int.swift */; };
		0A9A819D23B2A759000CF645 /* ScheduleData.json in Resources */ = {isa = PBXBuildFile; fileRef = 0A9A819C23B2A759000CF645 /* ScheduleData.json */; };
		0A9A81A023B2A7A3000CF645 /* Data+Demo.swift in Sources */ = {isa = PBXBuildFile; fileRef = 0A9A819F23B2A7A3000CF645 /* Data+Demo.swift */; };
		0A9A81A223B2A7CA000CF645 /* DemoData.swift in Sources */ = {isa = PBXBuildFile; fileRef = 0A9A81A123B2A7CA000CF645 /* DemoData.swift */; };
		0AB8AAA223AA7BEA0057FB39 /* SelectedCellDelegate.swift in Sources */ = {isa = PBXBuildFile; fileRef = 0AB8AAA123AA7BEA0057FB39 /* SelectedCellDelegate.swift */; };
		0AC7B9DC23E9BF7F005CDF70 /* ClassAttendanceCell.xib in Resources */ = {isa = PBXBuildFile; fileRef = 0AC7B9DB23E9BF7F005CDF70 /* ClassAttendanceCell.xib */; };
		0AC7B9DE23E9C5CE005CDF70 /* ClassAttendanceTableViewCell.swift in Sources */ = {isa = PBXBuildFile; fileRef = 0AC7B9DD23E9C5CE005CDF70 /* ClassAttendanceTableViewCell.swift */; };
		0AD0370623F308FE00E4FD7B /* SummaryButtonCell.swift in Sources */ = {isa = PBXBuildFile; fileRef = 0AD0370523F308FE00E4FD7B /* SummaryButtonCell.swift */; };
		0AE94B7E23AF1B0200751D18 /* NotificationsTableViewController.swift in Sources */ = {isa = PBXBuildFile; fileRef = 0AE94B7D23AF1B0200751D18 /* NotificationsTableViewController.swift */; };
		0AE94B8023AF1B1300751D18 /* NotificationsTableViewCell.swift in Sources */ = {isa = PBXBuildFile; fileRef = 0AE94B7F23AF1B1300751D18 /* NotificationsTableViewCell.swift */; };
		7C0819B123A86AFF008BA53E /* AvaWebViewController.swift in Sources */ = {isa = PBXBuildFile; fileRef = 7C0819B023A86AFF008BA53E /* AvaWebViewController.swift */; };
		7C08A3F724170A0900AAB46D /* CustomColors.swift in Sources */ = {isa = PBXBuildFile; fileRef = 7C08A3F624170A0900AAB46D /* CustomColors.swift */; };
		7C0DDC932415B2AF00CDD053 /* HistorySubject+DESCSitcli.swift in Sources */ = {isa = PBXBuildFile; fileRef = 7C0DDC922415B2AF00CDD053 /* HistorySubject+DESCSitcli.swift */; };
		7C0F686E23B3AB3F0053ED15 /* NavigationItem+Subtitle.swift in Sources */ = {isa = PBXBuildFile; fileRef = 7C0F686D23B3AB3F0053ED15 /* NavigationItem+Subtitle.swift */; };
		7C1B464323D4CFC3003F976A /* FilesProvider in Frameworks */ = {isa = PBXBuildFile; productRef = 7C1B464223D4CFC3003F976A /* FilesProvider */; };
		7C1B464523D4D04D003F976A /* AvaFileProvider.swift in Sources */ = {isa = PBXBuildFile; fileRef = 7C1B464423D4D04D003F976A /* AvaFileProvider.swift */; };
		7C1B464723D4D8D4003F976A /* AvaFilesViewController.swift in Sources */ = {isa = PBXBuildFile; fileRef = 7C1B464623D4D8D4003F976A /* AvaFilesViewController.swift */; };
		7C1B976C2395D9CC00FB345E /* AppDelegate.swift in Sources */ = {isa = PBXBuildFile; fileRef = 7C1B976B2395D9CC00FB345E /* AppDelegate.swift */; };
		7C1B976E2395D9CC00FB345E /* SceneDelegate.swift in Sources */ = {isa = PBXBuildFile; fileRef = 7C1B976D2395D9CC00FB345E /* SceneDelegate.swift */; };
		7C1B97702395D9CC00FB345E /* TodayViewController.swift in Sources */ = {isa = PBXBuildFile; fileRef = 7C1B976F2395D9CC00FB345E /* TodayViewController.swift */; };
		7C1B97732395D9CC00FB345E /* Main.storyboard in Resources */ = {isa = PBXBuildFile; fileRef = 7C1B97712395D9CC00FB345E /* Main.storyboard */; };
		7C1B97752395D9CD00FB345E /* Assets.xcassets in Resources */ = {isa = PBXBuildFile; fileRef = 7C1B97742395D9CD00FB345E /* Assets.xcassets */; };
		7C1B97782395D9CD00FB345E /* LaunchScreen.storyboard in Resources */ = {isa = PBXBuildFile; fileRef = 7C1B97762395D9CD00FB345E /* LaunchScreen.storyboard */; };
		7C1B97812395DA0100FB345E /* PuccSwift in Frameworks */ = {isa = PBXBuildFile; productRef = 7C1B97802395DA0100FB345E /* PuccSwift */; };
		7C1B97852395DABF00FB345E /* LoginViewController.swift in Sources */ = {isa = PBXBuildFile; fileRef = 7C1B97842395DABF00FB345E /* LoginViewController.swift */; };
		7C2C71CA23E8E3C900F661CC /* ClassDetailCell.swift in Sources */ = {isa = PBXBuildFile; fileRef = 7C2C71C923E8E3C900F661CC /* ClassDetailCell.swift */; };
		7C2C71CC23E8F83C00F661CC /* LocationInfoCell.xib in Resources */ = {isa = PBXBuildFile; fileRef = 7C2C71CB23E8F83C00F661CC /* LocationInfoCell.xib */; };
		7C2C71CE23E8F9DA00F661CC /* LocationInfoCell.swift in Sources */ = {isa = PBXBuildFile; fileRef = 7C2C71CD23E8F9DA00F661CC /* LocationInfoCell.swift */; };
		7C32358623E900AA003DCEE1 /* Double+String.swift in Sources */ = {isa = PBXBuildFile; fileRef = 7C32358523E900AA003DCEE1 /* Double+String.swift */; };
		7C32358A23EA1CDD003DCEE1 /* ClassDetailViewController.swift in Sources */ = {isa = PBXBuildFile; fileRef = 7C32358923EA1CDD003DCEE1 /* ClassDetailViewController.swift */; };
		7C32358C23EB7B36003DCEE1 /* DetailCellType.swift in Sources */ = {isa = PBXBuildFile; fileRef = 7C32358B23EB7B36003DCEE1 /* DetailCellType.swift */; };
		7C45A73023F068A10056A6C0 /* AvaAlertTitleView.xib in Resources */ = {isa = PBXBuildFile; fileRef = 7C45A72F23F068A10056A6C0 /* AvaAlertTitleView.xib */; };
		7C45A73223F06FCD0056A6C0 /* AvaAlertViewController.swift in Sources */ = {isa = PBXBuildFile; fileRef = 7C45A73123F06FCD0056A6C0 /* AvaAlertViewController.swift */; };
		7C45A73423F0DF0B0056A6C0 /* UITableView+EmptyStateView.swift in Sources */ = {isa = PBXBuildFile; fileRef = 7C45A73323F0DF0B0056A6C0 /* UITableView+EmptyStateView.swift */; };
		7C45A73723F0E2650056A6C0 /* AvaAlertTableViewCell.swift in Sources */ = {isa = PBXBuildFile; fileRef = 7C45A73623F0E2650056A6C0 /* AvaAlertTableViewCell.swift */; };
		7C60455D23A465C200AA11F7 /* UIActivityIndicatorView Extensions.swift in Sources */ = {isa = PBXBuildFile; fileRef = 7C60455C23A465C200AA11F7 /* UIActivityIndicatorView Extensions.swift */; };
		7C60456023A4798500AA11F7 /* ScheduleCollectionViewCell.swift in Sources */ = {isa = PBXBuildFile; fileRef = 7C60455F23A4798500AA11F7 /* ScheduleCollectionViewCell.swift */; };
		7C60456223A479A800AA11F7 /* AvaCollectionViewCell.swift in Sources */ = {isa = PBXBuildFile; fileRef = 7C60456123A479A800AA11F7 /* AvaCollectionViewCell.swift */; };
		7C60456423A47E1F00AA11F7 /* ScheduleTableViewCell.swift in Sources */ = {isa = PBXBuildFile; fileRef = 7C60456323A47E1F00AA11F7 /* ScheduleTableViewCell.swift */; };
		7C60456723A4804200AA11F7 /* Identifiers.swift in Sources */ = {isa = PBXBuildFile; fileRef = 7C60456623A4804200AA11F7 /* Identifiers.swift */; };
		7C60456923A483EE00AA11F7 /* AvaTableViewCell.swift in Sources */ = {isa = PBXBuildFile; fileRef = 7C60456823A483EE00AA11F7 /* AvaTableViewCell.swift */; };
		7C60456B23A4840600AA11F7 /* ScheduleButtonTableViewCell.swift in Sources */ = {isa = PBXBuildFile; fileRef = 7C60456A23A4840600AA11F7 /* ScheduleButtonTableViewCell.swift */; };
		7C618234240DDD18001ECEF8 /* HistoryViewController.swift in Sources */ = {isa = PBXBuildFile; fileRef = 7C618233240DDD18001ECEF8 /* HistoryViewController.swift */; };
		7C618238240DE503001ECEF8 /* HistoryDetailTableViewCell.swift in Sources */ = {isa = PBXBuildFile; fileRef = 7C618236240DE503001ECEF8 /* HistoryDetailTableViewCell.swift */; };
		7C618239240DE503001ECEF8 /* HistoryDetailTableViewCell.xib in Resources */ = {isa = PBXBuildFile; fileRef = 7C618237240DE503001ECEF8 /* HistoryDetailTableViewCell.xib */; };
		7C62405323A5DF9600C5FA0D /* UICollectionViewCell+Style.swift in Sources */ = {isa = PBXBuildFile; fileRef = 7C62405223A5DF9600C5FA0D /* UICollectionViewCell+Style.swift */; };
		7C62405523A67D4600C5FA0D /* String+Formatting.swift in Sources */ = {isa = PBXBuildFile; fileRef = 7C62405423A67D4600C5FA0D /* String+Formatting.swift */; };
		7C62405723A687C400C5FA0D /* Subject+String.swift in Sources */ = {isa = PBXBuildFile; fileRef = 7C62405623A687C400C5FA0D /* Subject+String.swift */; };
		7C62405A23A6B34F00C5FA0D /* ProfileViewController.swift in Sources */ = {isa = PBXBuildFile; fileRef = 7C62405923A6B34F00C5FA0D /* ProfileViewController.swift */; };
		7C81DF3623C283560089F906 /* SummaryViewController.swift in Sources */ = {isa = PBXBuildFile; fileRef = 7C81DF3523C283560089F906 /* SummaryViewController.swift */; };
		7C81DF3823C2AB320089F906 /* ClassroomLocationViewController.swift in Sources */ = {isa = PBXBuildFile; fileRef = 7C81DF3723C2AB320089F906 /* ClassroomLocationViewController.swift */; };
		7C81DF3A23C2B16B0089F906 /* MKMapView+Double.swift in Sources */ = {isa = PBXBuildFile; fileRef = 7C81DF3923C2B16B0089F906 /* MKMapView+Double.swift */; };
		7C84891923A6B6A600E02C28 /* UIViewController+Session.swift in Sources */ = {isa = PBXBuildFile; fileRef = 7C84891823A6B6A600E02C28 /* UIViewController+Session.swift */; };
		7C96A8D824A591370086AAD1 /* ScheduleManager.swift in Sources */ = {isa = PBXBuildFile; fileRef = 7C96A8D724A591370086AAD1 /* ScheduleManager.swift */; };
		7C96A8DA24A593DF0086AAD1 /* Weekday.swift in Sources */ = {isa = PBXBuildFile; fileRef = 7C96A8D924A593DF0086AAD1 /* Weekday.swift */; };
		7CBDB96423DA93C70061B35E /* SiteAlertCollectionView.swift in Sources */ = {isa = PBXBuildFile; fileRef = 7CBDB96323DA93C70061B35E /* SiteAlertCollectionView.swift */; };
		7CBF24EA23F22C7B00C21C91 /* URL+Bool.swift in Sources */ = {isa = PBXBuildFile; fileRef = 7CBF24E923F22C7B00C21C91 /* URL+Bool.swift */; };
		7CBF24EE23F232F100C21C91 /* AlertAttachmentCell.xib in Resources */ = {isa = PBXBuildFile; fileRef = 7CBF24ED23F232F100C21C91 /* AlertAttachmentCell.xib */; };
		7CBF24F123F3642300C21C91 /* UserInfoCell.xib in Resources */ = {isa = PBXBuildFile; fileRef = 7CBF24F023F3642300C21C91 /* UserInfoCell.xib */; };
		7CBF24F423F3695F00C21C91 /* UserInfoTableViewCell.swift in Sources */ = {isa = PBXBuildFile; fileRef = 7CBF24F323F3695F00C21C91 /* UserInfoTableViewCell.swift */; };
		7CBF24F623F4BB6D00C21C91 /* NewSessionDelegate.swift in Sources */ = {isa = PBXBuildFile; fileRef = 7CBF24F523F4BB6D00C21C91 /* NewSessionDelegate.swift */; };
		7CBF24F923F4DCBF00C21C91 /* MKRingProgressView in Frameworks */ = {isa = PBXBuildFile; productRef = 7CBF24F823F4DCBF00C21C91 /* MKRingProgressView */; };
		7CC28F4123B7AB5E00C0F300 /* CompleteScheduleViewController.swift in Sources */ = {isa = PBXBuildFile; fileRef = 7CC28F4023B7AB5E00C0F300 /* CompleteScheduleViewController.swift */; };
		7CC28F4323B7AC3900C0F300 /* CompleteScheduleTableViewCell.swift in Sources */ = {isa = PBXBuildFile; fileRef = 7CC28F4223B7AC3900C0F300 /* CompleteScheduleTableViewCell.swift */; };
		7CCC9C1B23A8632300B4C1F1 /* AvaPagesTableViewController.swift in Sources */ = {isa = PBXBuildFile; fileRef = 7CCC9C1A23A8632300B4C1F1 /* AvaPagesTableViewController.swift */; };
		7CCC9C1D23A8633D00B4C1F1 /* AvaDetailsTableViewCell.swift in Sources */ = {isa = PBXBuildFile; fileRef = 7CCC9C1C23A8633D00B4C1F1 /* AvaDetailsTableViewCell.swift */; };
		7CD3174B23DF9E3D006A8803 /* UIImageView+URL.swift in Sources */ = {isa = PBXBuildFile; fileRef = 7CD3174A23DF9E3D006A8803 /* UIImageView+URL.swift */; };
		7CD3174D23DFA1AF006A8803 /* SiteAlertCollectionViewCell.swift in Sources */ = {isa = PBXBuildFile; fileRef = 7CD3174C23DFA1AF006A8803 /* SiteAlertCollectionViewCell.swift */; };
		7CD3175323E110F6006A8803 /* ClassDetailViewCell.xib in Resources */ = {isa = PBXBuildFile; fileRef = 7CD3175223E110F6006A8803 /* ClassDetailViewCell.xib */; };
		7CD394582478CF9200614FB1 /* StyleConfiguration.swift in Sources */ = {isa = PBXBuildFile; fileRef = 7CD394572478CF9200614FB1 /* StyleConfiguration.swift */; };
		7CD3945A2478D54B00614FB1 /* AccessibilityConfiguration.swift in Sources */ = {isa = PBXBuildFile; fileRef = 7CD394592478D54B00614FB1 /* AccessibilityConfiguration.swift */; };
		7CDDBB8A23A6D16400E1B15F /* AvaTableViewController.swift in Sources */ = {isa = PBXBuildFile; fileRef = 7CDDBB8923A6D16400E1B15F /* AvaTableViewController.swift */; };
		7CDDBB8E23A6D41B00E1B15F /* AvaHomeTableViewCell.swift in Sources */ = {isa = PBXBuildFile; fileRef = 7CDDBB8D23A6D41B00E1B15F /* AvaHomeTableViewCell.swift */; };
		7CF581B62410519300DDD9E3 /* HistorySubjects+String.swift in Sources */ = {isa = PBXBuildFile; fileRef = 7CF581B52410519300DDD9E3 /* HistorySubjects+String.swift */; };
/* End PBXBuildFile section */

/* Begin PBXFileReference section */
		0A361F9A23CE1B53000F834D /* EmptyStateView.swift */ = {isa = PBXFileReference; lastKnownFileType = sourcecode.swift; path = EmptyStateView.swift; sourceTree = "<group>"; };
		0A3C953523FB666F00E18D49 /* CourseShift.swift */ = {isa = PBXFileReference; lastKnownFileType = sourcecode.swift; path = CourseShift.swift; sourceTree = "<group>"; };
		0A9A819623B29F58000CF645 /* Date+String.swift */ = {isa = PBXFileReference; lastKnownFileType = sourcecode.swift; path = "Date+String.swift"; sourceTree = "<group>"; };
		0A9A819823B2A192000CF645 /* Subject+Int.swift */ = {isa = PBXFileReference; lastKnownFileType = sourcecode.swift; path = "Subject+Int.swift"; sourceTree = "<group>"; };
		0A9A819C23B2A759000CF645 /* ScheduleData.json */ = {isa = PBXFileReference; fileEncoding = 4; lastKnownFileType = text.json; path = ScheduleData.json; sourceTree = "<group>"; };
		0A9A819F23B2A7A3000CF645 /* Data+Demo.swift */ = {isa = PBXFileReference; lastKnownFileType = sourcecode.swift; path = "Data+Demo.swift"; sourceTree = "<group>"; };
		0A9A81A123B2A7CA000CF645 /* DemoData.swift */ = {isa = PBXFileReference; lastKnownFileType = sourcecode.swift; path = DemoData.swift; sourceTree = "<group>"; };
		0AB8AAA123AA7BEA0057FB39 /* SelectedCellDelegate.swift */ = {isa = PBXFileReference; lastKnownFileType = sourcecode.swift; path = SelectedCellDelegate.swift; sourceTree = "<group>"; };
		0AC7B9DB23E9BF7F005CDF70 /* ClassAttendanceCell.xib */ = {isa = PBXFileReference; lastKnownFileType = file.xib; path = ClassAttendanceCell.xib; sourceTree = "<group>"; };
		0AC7B9DD23E9C5CE005CDF70 /* ClassAttendanceTableViewCell.swift */ = {isa = PBXFileReference; lastKnownFileType = sourcecode.swift; path = ClassAttendanceTableViewCell.swift; sourceTree = "<group>"; };
		0AD0370523F308FE00E4FD7B /* SummaryButtonCell.swift */ = {isa = PBXFileReference; lastKnownFileType = sourcecode.swift; path = SummaryButtonCell.swift; sourceTree = "<group>"; };
		0AE94B7D23AF1B0200751D18 /* NotificationsTableViewController.swift */ = {isa = PBXFileReference; lastKnownFileType = sourcecode.swift; path = NotificationsTableViewController.swift; sourceTree = "<group>"; };
		0AE94B7F23AF1B1300751D18 /* NotificationsTableViewCell.swift */ = {isa = PBXFileReference; lastKnownFileType = sourcecode.swift; path = NotificationsTableViewCell.swift; sourceTree = "<group>"; };
		7C0819B023A86AFF008BA53E /* AvaWebViewController.swift */ = {isa = PBXFileReference; lastKnownFileType = sourcecode.swift; path = AvaWebViewController.swift; sourceTree = "<group>"; };
		7C08A3F624170A0900AAB46D /* CustomColors.swift */ = {isa = PBXFileReference; lastKnownFileType = sourcecode.swift; path = CustomColors.swift; sourceTree = "<group>"; };
		7C0DDC922415B2AF00CDD053 /* HistorySubject+DESCSitcli.swift */ = {isa = PBXFileReference; lastKnownFileType = sourcecode.swift; path = "HistorySubject+DESCSitcli.swift"; sourceTree = "<group>"; };
		7C0F686D23B3AB3F0053ED15 /* NavigationItem+Subtitle.swift */ = {isa = PBXFileReference; lastKnownFileType = sourcecode.swift; path = "NavigationItem+Subtitle.swift"; sourceTree = "<group>"; };
		7C1B464423D4D04D003F976A /* AvaFileProvider.swift */ = {isa = PBXFileReference; lastKnownFileType = sourcecode.swift; path = AvaFileProvider.swift; sourceTree = "<group>"; };
		7C1B464623D4D8D4003F976A /* AvaFilesViewController.swift */ = {isa = PBXFileReference; lastKnownFileType = sourcecode.swift; path = AvaFilesViewController.swift; sourceTree = "<group>"; };
		7C1B97682395D9CC00FB345E /* Puc Campinas.app */ = {isa = PBXFileReference; explicitFileType = wrapper.application; includeInIndex = 0; path = "Puc Campinas.app"; sourceTree = BUILT_PRODUCTS_DIR; };
		7C1B976B2395D9CC00FB345E /* AppDelegate.swift */ = {isa = PBXFileReference; lastKnownFileType = sourcecode.swift; path = AppDelegate.swift; sourceTree = "<group>"; };
		7C1B976D2395D9CC00FB345E /* SceneDelegate.swift */ = {isa = PBXFileReference; lastKnownFileType = sourcecode.swift; path = SceneDelegate.swift; sourceTree = "<group>"; };
		7C1B976F2395D9CC00FB345E /* TodayViewController.swift */ = {isa = PBXFileReference; lastKnownFileType = sourcecode.swift; path = TodayViewController.swift; sourceTree = "<group>"; };
		7C1B97722395D9CC00FB345E /* Base */ = {isa = PBXFileReference; lastKnownFileType = file.storyboard; name = Base; path = Base.lproj/Main.storyboard; sourceTree = "<group>"; };
		7C1B97742395D9CD00FB345E /* Assets.xcassets */ = {isa = PBXFileReference; lastKnownFileType = folder.assetcatalog; path = Assets.xcassets; sourceTree = "<group>"; };
		7C1B97772395D9CD00FB345E /* Base */ = {isa = PBXFileReference; lastKnownFileType = file.storyboard; name = Base; path = Base.lproj/LaunchScreen.storyboard; sourceTree = "<group>"; };
		7C1B97792395D9CD00FB345E /* Info.plist */ = {isa = PBXFileReference; lastKnownFileType = text.plist.xml; path = Info.plist; sourceTree = "<group>"; };
		7C1B97842395DABF00FB345E /* LoginViewController.swift */ = {isa = PBXFileReference; lastKnownFileType = sourcecode.swift; path = LoginViewController.swift; sourceTree = "<group>"; };
		7C2C71C923E8E3C900F661CC /* ClassDetailCell.swift */ = {isa = PBXFileReference; lastKnownFileType = sourcecode.swift; path = ClassDetailCell.swift; sourceTree = "<group>"; };
		7C2C71CB23E8F83C00F661CC /* LocationInfoCell.xib */ = {isa = PBXFileReference; lastKnownFileType = file.xib; path = LocationInfoCell.xib; sourceTree = "<group>"; };
		7C2C71CD23E8F9DA00F661CC /* LocationInfoCell.swift */ = {isa = PBXFileReference; lastKnownFileType = sourcecode.swift; path = LocationInfoCell.swift; sourceTree = "<group>"; };
		7C32358523E900AA003DCEE1 /* Double+String.swift */ = {isa = PBXFileReference; lastKnownFileType = sourcecode.swift; path = "Double+String.swift"; sourceTree = "<group>"; };
		7C32358923EA1CDD003DCEE1 /* ClassDetailViewController.swift */ = {isa = PBXFileReference; lastKnownFileType = sourcecode.swift; path = ClassDetailViewController.swift; sourceTree = "<group>"; };
		7C32358B23EB7B36003DCEE1 /* DetailCellType.swift */ = {isa = PBXFileReference; lastKnownFileType = sourcecode.swift; path = DetailCellType.swift; sourceTree = "<group>"; };
		7C45A72F23F068A10056A6C0 /* AvaAlertTitleView.xib */ = {isa = PBXFileReference; lastKnownFileType = file.xib; path = AvaAlertTitleView.xib; sourceTree = "<group>"; };
		7C45A73123F06FCD0056A6C0 /* AvaAlertViewController.swift */ = {isa = PBXFileReference; lastKnownFileType = sourcecode.swift; path = AvaAlertViewController.swift; sourceTree = "<group>"; };
		7C45A73323F0DF0B0056A6C0 /* UITableView+EmptyStateView.swift */ = {isa = PBXFileReference; lastKnownFileType = sourcecode.swift; path = "UITableView+EmptyStateView.swift"; sourceTree = "<group>"; };
		7C45A73623F0E2650056A6C0 /* AvaAlertTableViewCell.swift */ = {isa = PBXFileReference; lastKnownFileType = sourcecode.swift; path = AvaAlertTableViewCell.swift; sourceTree = "<group>"; };
		7C60455C23A465C200AA11F7 /* UIActivityIndicatorView Extensions.swift */ = {isa = PBXFileReference; lastKnownFileType = sourcecode.swift; path = "UIActivityIndicatorView Extensions.swift"; sourceTree = "<group>"; };
		7C60455F23A4798500AA11F7 /* ScheduleCollectionViewCell.swift */ = {isa = PBXFileReference; lastKnownFileType = sourcecode.swift; path = ScheduleCollectionViewCell.swift; sourceTree = "<group>"; };
		7C60456123A479A800AA11F7 /* AvaCollectionViewCell.swift */ = {isa = PBXFileReference; lastKnownFileType = sourcecode.swift; path = AvaCollectionViewCell.swift; sourceTree = "<group>"; };
		7C60456323A47E1F00AA11F7 /* ScheduleTableViewCell.swift */ = {isa = PBXFileReference; lastKnownFileType = sourcecode.swift; path = ScheduleTableViewCell.swift; sourceTree = "<group>"; };
		7C60456623A4804200AA11F7 /* Identifiers.swift */ = {isa = PBXFileReference; lastKnownFileType = sourcecode.swift; path = Identifiers.swift; sourceTree = "<group>"; };
		7C60456823A483EE00AA11F7 /* AvaTableViewCell.swift */ = {isa = PBXFileReference; lastKnownFileType = sourcecode.swift; path = AvaTableViewCell.swift; sourceTree = "<group>"; };
		7C60456A23A4840600AA11F7 /* ScheduleButtonTableViewCell.swift */ = {isa = PBXFileReference; lastKnownFileType = sourcecode.swift; path = ScheduleButtonTableViewCell.swift; sourceTree = "<group>"; };
		7C618233240DDD18001ECEF8 /* HistoryViewController.swift */ = {isa = PBXFileReference; lastKnownFileType = sourcecode.swift; path = HistoryViewController.swift; sourceTree = "<group>"; };
		7C618236240DE503001ECEF8 /* HistoryDetailTableViewCell.swift */ = {isa = PBXFileReference; lastKnownFileType = sourcecode.swift; path = HistoryDetailTableViewCell.swift; sourceTree = "<group>"; };
		7C618237240DE503001ECEF8 /* HistoryDetailTableViewCell.xib */ = {isa = PBXFileReference; lastKnownFileType = file.xib; path = HistoryDetailTableViewCell.xib; sourceTree = "<group>"; };
		7C62405223A5DF9600C5FA0D /* UICollectionViewCell+Style.swift */ = {isa = PBXFileReference; lastKnownFileType = sourcecode.swift; path = "UICollectionViewCell+Style.swift"; sourceTree = "<group>"; };
		7C62405423A67D4600C5FA0D /* String+Formatting.swift */ = {isa = PBXFileReference; lastKnownFileType = sourcecode.swift; path = "String+Formatting.swift"; sourceTree = "<group>"; };
		7C62405623A687C400C5FA0D /* Subject+String.swift */ = {isa = PBXFileReference; lastKnownFileType = sourcecode.swift; path = "Subject+String.swift"; sourceTree = "<group>"; };
		7C62405923A6B34F00C5FA0D /* ProfileViewController.swift */ = {isa = PBXFileReference; lastKnownFileType = sourcecode.swift; path = ProfileViewController.swift; sourceTree = "<group>"; };
		7C81DF3523C283560089F906 /* SummaryViewController.swift */ = {isa = PBXFileReference; lastKnownFileType = sourcecode.swift; path = SummaryViewController.swift; sourceTree = "<group>"; };
		7C81DF3723C2AB320089F906 /* ClassroomLocationViewController.swift */ = {isa = PBXFileReference; lastKnownFileType = sourcecode.swift; path = ClassroomLocationViewController.swift; sourceTree = "<group>"; };
		7C81DF3923C2B16B0089F906 /* MKMapView+Double.swift */ = {isa = PBXFileReference; lastKnownFileType = sourcecode.swift; path = "MKMapView+Double.swift"; sourceTree = "<group>"; };
		7C84891823A6B6A600E02C28 /* UIViewController+Session.swift */ = {isa = PBXFileReference; lastKnownFileType = sourcecode.swift; path = "UIViewController+Session.swift"; sourceTree = "<group>"; };
		7C96A8D724A591370086AAD1 /* ScheduleManager.swift */ = {isa = PBXFileReference; lastKnownFileType = sourcecode.swift; path = ScheduleManager.swift; sourceTree = "<group>"; };
		7C96A8D924A593DF0086AAD1 /* Weekday.swift */ = {isa = PBXFileReference; lastKnownFileType = sourcecode.swift; path = Weekday.swift; sourceTree = "<group>"; };
		7CBDB96323DA93C70061B35E /* SiteAlertCollectionView.swift */ = {isa = PBXFileReference; lastKnownFileType = sourcecode.swift; path = SiteAlertCollectionView.swift; sourceTree = "<group>"; };
		7CBF24E923F22C7B00C21C91 /* URL+Bool.swift */ = {isa = PBXFileReference; lastKnownFileType = sourcecode.swift; path = "URL+Bool.swift"; sourceTree = "<group>"; };
		7CBF24ED23F232F100C21C91 /* AlertAttachmentCell.xib */ = {isa = PBXFileReference; lastKnownFileType = file.xib; path = AlertAttachmentCell.xib; sourceTree = "<group>"; };
		7CBF24F023F3642300C21C91 /* UserInfoCell.xib */ = {isa = PBXFileReference; lastKnownFileType = file.xib; path = UserInfoCell.xib; sourceTree = "<group>"; };
		7CBF24F323F3695F00C21C91 /* UserInfoTableViewCell.swift */ = {isa = PBXFileReference; lastKnownFileType = sourcecode.swift; path = UserInfoTableViewCell.swift; sourceTree = "<group>"; };
		7CBF24F523F4BB6D00C21C91 /* NewSessionDelegate.swift */ = {isa = PBXFileReference; lastKnownFileType = sourcecode.swift; path = NewSessionDelegate.swift; sourceTree = "<group>"; };
		7CC28F4023B7AB5E00C0F300 /* CompleteScheduleViewController.swift */ = {isa = PBXFileReference; lastKnownFileType = sourcecode.swift; path = CompleteScheduleViewController.swift; sourceTree = "<group>"; };
		7CC28F4223B7AC3900C0F300 /* CompleteScheduleTableViewCell.swift */ = {isa = PBXFileReference; lastKnownFileType = sourcecode.swift; path = CompleteScheduleTableViewCell.swift; sourceTree = "<group>"; };
		7CCC9C1A23A8632300B4C1F1 /* AvaPagesTableViewController.swift */ = {isa = PBXFileReference; lastKnownFileType = sourcecode.swift; path = AvaPagesTableViewController.swift; sourceTree = "<group>"; };
		7CCC9C1C23A8633D00B4C1F1 /* AvaDetailsTableViewCell.swift */ = {isa = PBXFileReference; lastKnownFileType = sourcecode.swift; path = AvaDetailsTableViewCell.swift; sourceTree = "<group>"; };
		7CD3174A23DF9E3D006A8803 /* UIImageView+URL.swift */ = {isa = PBXFileReference; lastKnownFileType = sourcecode.swift; path = "UIImageView+URL.swift"; sourceTree = "<group>"; };
		7CD3174C23DFA1AF006A8803 /* SiteAlertCollectionViewCell.swift */ = {isa = PBXFileReference; lastKnownFileType = sourcecode.swift; path = SiteAlertCollectionViewCell.swift; sourceTree = "<group>"; };
		7CD3175223E110F6006A8803 /* ClassDetailViewCell.xib */ = {isa = PBXFileReference; lastKnownFileType = file.xib; path = ClassDetailViewCell.xib; sourceTree = "<group>"; };
		7CD394572478CF9200614FB1 /* StyleConfiguration.swift */ = {isa = PBXFileReference; lastKnownFileType = sourcecode.swift; path = StyleConfiguration.swift; sourceTree = "<group>"; };
		7CD394592478D54B00614FB1 /* AccessibilityConfiguration.swift */ = {isa = PBXFileReference; lastKnownFileType = sourcecode.swift; path = AccessibilityConfiguration.swift; sourceTree = "<group>"; };
		7CDDBB8923A6D16400E1B15F /* AvaTableViewController.swift */ = {isa = PBXFileReference; lastKnownFileType = sourcecode.swift; path = AvaTableViewController.swift; sourceTree = "<group>"; };
		7CDDBB8D23A6D41B00E1B15F /* AvaHomeTableViewCell.swift */ = {isa = PBXFileReference; lastKnownFileType = sourcecode.swift; path = AvaHomeTableViewCell.swift; sourceTree = "<group>"; };
		7CF581B52410519300DDD9E3 /* HistorySubjects+String.swift */ = {isa = PBXFileReference; lastKnownFileType = sourcecode.swift; path = "HistorySubjects+String.swift"; sourceTree = "<group>"; };
/* End PBXFileReference section */

/* Begin PBXFrameworksBuildPhase section */
		7C1B97652395D9CC00FB345E /* Frameworks */ = {
			isa = PBXFrameworksBuildPhase;
			buildActionMask = 2147483647;
			files = (
				7C1B97812395DA0100FB345E /* PuccSwift in Frameworks */,
				7CBF24F923F4DCBF00C21C91 /* MKRingProgressView in Frameworks */,
				7C1B464323D4CFC3003F976A /* FilesProvider in Frameworks */,
			);
			runOnlyForDeploymentPostprocessing = 0;
		};
/* End PBXFrameworksBuildPhase section */

/* Begin PBXGroup section */
		0A9A819E23B2A77D000CF645 /* Demo */ = {
			isa = PBXGroup;
			children = (
				0A9A819C23B2A759000CF645 /* ScheduleData.json */,
				0A9A819F23B2A7A3000CF645 /* Data+Demo.swift */,
				0A9A81A123B2A7CA000CF645 /* DemoData.swift */,
			);
			path = Demo;
			sourceTree = "<group>";
		};
		0AB8AA9F23AA7B850057FB39 /* Protocols */ = {
			isa = PBXGroup;
			children = (
				0AB8AAA023AA7BD90057FB39 /* TodayViewCellDelegate */,
				7CBF24F523F4BB6D00C21C91 /* NewSessionDelegate.swift */,
			);
			path = Protocols;
			sourceTree = "<group>";
		};
		0AB8AAA023AA7BD90057FB39 /* TodayViewCellDelegate */ = {
			isa = PBXGroup;
			children = (
				0AB8AAA123AA7BEA0057FB39 /* SelectedCellDelegate.swift */,
			);
			path = TodayViewCellDelegate;
			sourceTree = "<group>";
		};
		0AE94B7B23AF1AE800751D18 /* Notifications View */ = {
			isa = PBXGroup;
			children = (
				0AE94B7C23AF1AF000751D18 /* Cells */,
				0AE94B7D23AF1B0200751D18 /* NotificationsTableViewController.swift */,
				7CBDB96323DA93C70061B35E /* SiteAlertCollectionView.swift */,
			);
			path = "Notifications View";
			sourceTree = "<group>";
		};
		0AE94B7C23AF1AF000751D18 /* Cells */ = {
			isa = PBXGroup;
			children = (
				0AE94B7F23AF1B1300751D18 /* NotificationsTableViewCell.swift */,
				7CD3174C23DFA1AF006A8803 /* SiteAlertCollectionViewCell.swift */,
			);
			path = Cells;
			sourceTree = "<group>";
		};
		7C1B975F2395D9CB00FB345E = {
			isa = PBXGroup;
			children = (
				7C1B976A2395D9CC00FB345E /* Puc Campinas */,
				7C1B97692395D9CC00FB345E /* Products */,
			);
			sourceTree = "<group>";
		};
		7C1B97692395D9CC00FB345E /* Products */ = {
			isa = PBXGroup;
			children = (
				7C1B97682395D9CC00FB345E /* Puc Campinas.app */,
			);
			name = Products;
			sourceTree = "<group>";
		};
		7C1B976A2395D9CC00FB345E /* Puc Campinas */ = {
			isa = PBXGroup;
			children = (
				7C96A8D624A591270086AAD1 /* Manager */,
				0AB8AA9F23AA7B850057FB39 /* Protocols */,
				7C60456523A4802E00AA11F7 /* Helpers */,
				7C60455B23A465A200AA11F7 /* Extensions */,
				7C78514223A45F8800AFCA96 /* Resources */,
				7C78513E23A45F5600AFCA96 /* Views */,
				7C78513D23A45F4E00AFCA96 /* Delegates */,
				7C1B97792395D9CD00FB345E /* Info.plist */,
			);
			path = "Puc Campinas";
			sourceTree = "<group>";
		};
		7C45A72E23F0688A0056A6C0 /* Ava Alert View */ = {
			isa = PBXGroup;
			children = (
				7C45A73523F0E0A90056A6C0 /* Cell */,
				7C45A72F23F068A10056A6C0 /* AvaAlertTitleView.xib */,
				7C45A73123F06FCD0056A6C0 /* AvaAlertViewController.swift */,
			);
			path = "Ava Alert View";
			sourceTree = "<group>";
		};
		7C45A73523F0E0A90056A6C0 /* Cell */ = {
			isa = PBXGroup;
			children = (
				7C45A73623F0E2650056A6C0 /* AvaAlertTableViewCell.swift */,
				7CBF24ED23F232F100C21C91 /* AlertAttachmentCell.xib */,
			);
			path = Cell;
			sourceTree = "<group>";
		};
		7C5997E423C1360C001AF35F /* Class Detail View */ = {
			isa = PBXGroup;
			children = (
				7CD3175123E110E7006A8803 /* XIBs */,
				7C5997EF23C180ED001AF35F /* Views */,
				7C5997E523C13616001AF35F /* Cells */,
				7C32358923EA1CDD003DCEE1 /* ClassDetailViewController.swift */,
			);
			path = "Class Detail View";
			sourceTree = "<group>";
		};
		7C5997E523C13616001AF35F /* Cells */ = {
			isa = PBXGroup;
			children = (
				7C2C71C923E8E3C900F661CC /* ClassDetailCell.swift */,
				7C2C71CD23E8F9DA00F661CC /* LocationInfoCell.swift */,
				0AC7B9DD23E9C5CE005CDF70 /* ClassAttendanceTableViewCell.swift */,
				0AD0370523F308FE00E4FD7B /* SummaryButtonCell.swift */,
			);
			path = Cells;
			sourceTree = "<group>";
		};
		7C5997EF23C180ED001AF35F /* Views */ = {
			isa = PBXGroup;
			children = (
				7C81DF3523C283560089F906 /* SummaryViewController.swift */,
				7C81DF3723C2AB320089F906 /* ClassroomLocationViewController.swift */,
			);
			path = Views;
			sourceTree = "<group>";
		};
		7C60455B23A465A200AA11F7 /* Extensions */ = {
			isa = PBXGroup;
			children = (
				7C60455C23A465C200AA11F7 /* UIActivityIndicatorView Extensions.swift */,
				7C62405223A5DF9600C5FA0D /* UICollectionViewCell+Style.swift */,
				7C62405423A67D4600C5FA0D /* String+Formatting.swift */,
				7C62405623A687C400C5FA0D /* Subject+String.swift */,
				7C84891823A6B6A600E02C28 /* UIViewController+Session.swift */,
				0A9A819623B29F58000CF645 /* Date+String.swift */,
				0A9A819823B2A192000CF645 /* Subject+Int.swift */,
				7C0F686D23B3AB3F0053ED15 /* NavigationItem+Subtitle.swift */,
				7C81DF3923C2B16B0089F906 /* MKMapView+Double.swift */,
				7CD3174A23DF9E3D006A8803 /* UIImageView+URL.swift */,
				7C32358523E900AA003DCEE1 /* Double+String.swift */,
				7C45A73323F0DF0B0056A6C0 /* UITableView+EmptyStateView.swift */,
				7CBF24E923F22C7B00C21C91 /* URL+Bool.swift */,
				7CF581B52410519300DDD9E3 /* HistorySubjects+String.swift */,
				7C0DDC922415B2AF00CDD053 /* HistorySubject+DESCSitcli.swift */,
				7C08A3F624170A0900AAB46D /* CustomColors.swift */,
			);
			path = Extensions;
			sourceTree = "<group>";
		};
		7C60455E23A4796300AA11F7 /* Cells */ = {
			isa = PBXGroup;
			children = (
				7C62405D23A6B39000C5FA0D /* CollectionView */,
				7C62405C23A6B38600C5FA0D /* TableView */,
			);
			path = Cells;
			sourceTree = "<group>";
		};
		7C60456523A4802E00AA11F7 /* Helpers */ = {
			isa = PBXGroup;
			children = (
				7C60456623A4804200AA11F7 /* Identifiers.swift */,
				7C1B464423D4D04D003F976A /* AvaFileProvider.swift */,
				7C32358B23EB7B36003DCEE1 /* DetailCellType.swift */,
				0A3C953523FB666F00E18D49 /* CourseShift.swift */,
				7CD394572478CF9200614FB1 /* StyleConfiguration.swift */,
				7CD394592478D54B00614FB1 /* AccessibilityConfiguration.swift */,
				7C96A8D924A593DF0086AAD1 /* Weekday.swift */,
			);
			path = Helpers;
			sourceTree = "<group>";
		};
		7C618232240DDCFA001ECEF8 /* History View */ = {
			isa = PBXGroup;
			children = (
				7C618235240DE4E7001ECEF8 /* Cell */,
				7C618233240DDD18001ECEF8 /* HistoryViewController.swift */,
			);
			path = "History View";
			sourceTree = "<group>";
		};
		7C618235240DE4E7001ECEF8 /* Cell */ = {
			isa = PBXGroup;
			children = (
				7C618236240DE503001ECEF8 /* HistoryDetailTableViewCell.swift */,
				7C618237240DE503001ECEF8 /* HistoryDetailTableViewCell.xib */,
			);
			path = Cell;
			sourceTree = "<group>";
		};
		7C62405823A6B1A500C5FA0D /* Profile View */ = {
			isa = PBXGroup;
			children = (
				7CBF24F223F3694E00C21C91 /* Cells */,
				7CBF24EF23F3641300C21C91 /* XIBs */,
				7C62405923A6B34F00C5FA0D /* ProfileViewController.swift */,
			);
			path = "Profile View";
			sourceTree = "<group>";
		};
		7C62405C23A6B38600C5FA0D /* TableView */ = {
			isa = PBXGroup;
			children = (
				7C60456323A47E1F00AA11F7 /* ScheduleTableViewCell.swift */,
				7C60456823A483EE00AA11F7 /* AvaTableViewCell.swift */,
				7C60456A23A4840600AA11F7 /* ScheduleButtonTableViewCell.swift */,
			);
			path = TableView;
			sourceTree = "<group>";
		};
		7C62405D23A6B39000C5FA0D /* CollectionView */ = {
			isa = PBXGroup;
			children = (
				7C60455F23A4798500AA11F7 /* ScheduleCollectionViewCell.swift */,
				7C60456123A479A800AA11F7 /* AvaCollectionViewCell.swift */,
			);
			path = CollectionView;
			sourceTree = "<group>";
		};
		7C78513D23A45F4E00AFCA96 /* Delegates */ = {
			isa = PBXGroup;
			children = (
				7C1B976B2395D9CC00FB345E /* AppDelegate.swift */,
				7C1B976D2395D9CC00FB345E /* SceneDelegate.swift */,
			);
			path = Delegates;
			sourceTree = "<group>";
		};
		7C78513E23A45F5600AFCA96 /* Views */ = {
			isa = PBXGroup;
			children = (
				7C618232240DDCFA001ECEF8 /* History View */,
				7C45A72E23F0688A0056A6C0 /* Ava Alert View */,
				7C5997E423C1360C001AF35F /* Class Detail View */,
				7CC28F3F23B7AB3F00C0F300 /* Complete Schedule */,
				0AE94B7B23AF1AE800751D18 /* Notifications View */,
				7C62405823A6B1A500C5FA0D /* Profile View */,
				7C78514123A45F7300AFCA96 /* Login View */,
				7C78514023A45F6E00AFCA96 /* Today View */,
				7C78513F23A45F5B00AFCA96 /* Storyboard */,
				7CDDBB8B23A6D16C00E1B15F /* Ava Table View */,
			);
			path = Views;
			sourceTree = "<group>";
		};
		7C78513F23A45F5B00AFCA96 /* Storyboard */ = {
			isa = PBXGroup;
			children = (
				7C1B97712395D9CC00FB345E /* Main.storyboard */,
				7C1B97762395D9CD00FB345E /* LaunchScreen.storyboard */,
			);
			path = Storyboard;
			sourceTree = "<group>";
		};
		7C78514023A45F6E00AFCA96 /* Today View */ = {
			isa = PBXGroup;
			children = (
				7C60455E23A4796300AA11F7 /* Cells */,
				7C1B976F2395D9CC00FB345E /* TodayViewController.swift */,
			);
			path = "Today View";
			sourceTree = "<group>";
		};
		7C78514123A45F7300AFCA96 /* Login View */ = {
			isa = PBXGroup;
			children = (
				7C1B97842395DABF00FB345E /* LoginViewController.swift */,
			);
			path = "Login View";
			sourceTree = "<group>";
		};
		7C78514223A45F8800AFCA96 /* Resources */ = {
			isa = PBXGroup;
			children = (
				0A9A819E23B2A77D000CF645 /* Demo */,
				7C1B97742395D9CD00FB345E /* Assets.xcassets */,
			);
			path = Resources;
			sourceTree = "<group>";
		};
		7C96A8D624A591270086AAD1 /* Manager */ = {
			isa = PBXGroup;
			children = (
				7C96A8D724A591370086AAD1 /* ScheduleManager.swift */,
			);
			path = Manager;
			sourceTree = "<group>";
		};
		7CBF24EF23F3641300C21C91 /* XIBs */ = {
			isa = PBXGroup;
			children = (
				7CBF24F023F3642300C21C91 /* UserInfoCell.xib */,
			);
			path = XIBs;
			sourceTree = "<group>";
		};
		7CBF24F223F3694E00C21C91 /* Cells */ = {
			isa = PBXGroup;
			children = (
				7CBF24F323F3695F00C21C91 /* UserInfoTableViewCell.swift */,
			);
			path = Cells;
			sourceTree = "<group>";
		};
		7CC28F3F23B7AB3F00C0F300 /* Complete Schedule */ = {
			isa = PBXGroup;
			children = (
				7CC28F4023B7AB5E00C0F300 /* CompleteScheduleViewController.swift */,
				7CC28F4223B7AC3900C0F300 /* CompleteScheduleTableViewCell.swift */,
				0A361F9A23CE1B53000F834D /* EmptyStateView.swift */,
			);
			path = "Complete Schedule";
			sourceTree = "<group>";
		};
		7CD3175123E110E7006A8803 /* XIBs */ = {
			isa = PBXGroup;
			children = (
				7CD3175223E110F6006A8803 /* ClassDetailViewCell.xib */,
				7C2C71CB23E8F83C00F661CC /* LocationInfoCell.xib */,
				0AC7B9DB23E9BF7F005CDF70 /* ClassAttendanceCell.xib */,
			);
			path = XIBs;
			sourceTree = "<group>";
		};
		7CDDBB8B23A6D16C00E1B15F /* Ava Table View */ = {
			isa = PBXGroup;
			children = (
				7CDDBB8C23A6D3FB00E1B15F /* Cell */,
				7CDDBB8923A6D16400E1B15F /* AvaTableViewController.swift */,
				7C1B464623D4D8D4003F976A /* AvaFilesViewController.swift */,
				7CCC9C1A23A8632300B4C1F1 /* AvaPagesTableViewController.swift */,
				7C0819B023A86AFF008BA53E /* AvaWebViewController.swift */,
			);
			path = "Ava Table View";
			sourceTree = "<group>";
		};
		7CDDBB8C23A6D3FB00E1B15F /* Cell */ = {
			isa = PBXGroup;
			children = (
				7CDDBB8D23A6D41B00E1B15F /* AvaHomeTableViewCell.swift */,
				7CCC9C1C23A8633D00B4C1F1 /* AvaDetailsTableViewCell.swift */,
			);
			path = Cell;
			sourceTree = "<group>";
		};
/* End PBXGroup section */

/* Begin PBXNativeTarget section */
		7C1B97672395D9CC00FB345E /* Puc Campinas */ = {
			isa = PBXNativeTarget;
			buildConfigurationList = 7C1B977C2395D9CD00FB345E /* Build configuration list for PBXNativeTarget "Puc Campinas" */;
			buildPhases = (
				7C1B97642395D9CC00FB345E /* Sources */,
				7C1B97652395D9CC00FB345E /* Frameworks */,
				7C1B97662395D9CC00FB345E /* Resources */,
			);
			buildRules = (
			);
			dependencies = (
			);
			name = "Puc Campinas";
			packageProductDependencies = (
				7C1B97802395DA0100FB345E /* PuccSwift */,
				7C1B464223D4CFC3003F976A /* FilesProvider */,
				7CBF24F823F4DCBF00C21C91 /* MKRingProgressView */,
			);
			productName = "Puc Campinas";
			productReference = 7C1B97682395D9CC00FB345E /* Puc Campinas.app */;
			productType = "com.apple.product-type.application";
		};
/* End PBXNativeTarget section */

/* Begin PBXProject section */
		7C1B97602395D9CB00FB345E /* Project object */ = {
			isa = PBXProject;
			attributes = {
				LastSwiftUpdateCheck = 1120;
				LastUpgradeCheck = 1120;
				ORGANIZATIONNAME = "Tomas Martins";
				TargetAttributes = {
					7C1B97672395D9CC00FB345E = {
						CreatedOnToolsVersion = 11.2.1;
					};
				};
			};
			buildConfigurationList = 7C1B97632395D9CB00FB345E /* Build configuration list for PBXProject "Puc Campinas" */;
			compatibilityVersion = "Xcode 9.3";
			developmentRegion = en;
			hasScannedForEncodings = 0;
			knownRegions = (
				en,
				Base,
			);
			mainGroup = 7C1B975F2395D9CB00FB345E;
			packageReferences = (
				7C1B977F2395DA0100FB345E /* XCRemoteSwiftPackageReference "PuccSwift" */,
				7C1B464123D4CFC3003F976A /* XCRemoteSwiftPackageReference "FileProvider" */,
				7CBF24F723F4DCBE00C21C91 /* XCRemoteSwiftPackageReference "MKRingProgressView" */,
			);
			productRefGroup = 7C1B97692395D9CC00FB345E /* Products */;
			projectDirPath = "";
			projectRoot = "";
			targets = (
				7C1B97672395D9CC00FB345E /* Puc Campinas */,
			);
		};
/* End PBXProject section */

/* Begin PBXResourcesBuildPhase section */
		7C1B97662395D9CC00FB345E /* Resources */ = {
			isa = PBXResourcesBuildPhase;
			buildActionMask = 2147483647;
			files = (
				0A9A819D23B2A759000CF645 /* ScheduleData.json in Resources */,
				7C1B97782395D9CD00FB345E /* LaunchScreen.storyboard in Resources */,
				7C2C71CC23E8F83C00F661CC /* LocationInfoCell.xib in Resources */,
				7C618239240DE503001ECEF8 /* HistoryDetailTableViewCell.xib in Resources */,
				0AC7B9DC23E9BF7F005CDF70 /* ClassAttendanceCell.xib in Resources */,
				7C45A73023F068A10056A6C0 /* AvaAlertTitleView.xib in Resources */,
				7C1B97752395D9CD00FB345E /* Assets.xcassets in Resources */,
				7C1B97732395D9CC00FB345E /* Main.storyboard in Resources */,
				7CD3175323E110F6006A8803 /* ClassDetailViewCell.xib in Resources */,
				7CBF24F123F3642300C21C91 /* UserInfoCell.xib in Resources */,
				7CBF24EE23F232F100C21C91 /* AlertAttachmentCell.xib in Resources */,
			);
			runOnlyForDeploymentPostprocessing = 0;
		};
/* End PBXResourcesBuildPhase section */

/* Begin PBXSourcesBuildPhase section */
		7C1B97642395D9CC00FB345E /* Sources */ = {
			isa = PBXSourcesBuildPhase;
			buildActionMask = 2147483647;
			files = (
				0AE94B8023AF1B1300751D18 /* NotificationsTableViewCell.swift in Sources */,
				7C1B97852395DABF00FB345E /* LoginViewController.swift in Sources */,
				7CCC9C1B23A8632300B4C1F1 /* AvaPagesTableViewController.swift in Sources */,
				7CDDBB8A23A6D16400E1B15F /* AvaTableViewController.swift in Sources */,
				7CBF24F623F4BB6D00C21C91 /* NewSessionDelegate.swift in Sources */,
				7C1B97702395D9CC00FB345E /* TodayViewController.swift in Sources */,
				7C0F686E23B3AB3F0053ED15 /* NavigationItem+Subtitle.swift in Sources */,
				7C45A73423F0DF0B0056A6C0 /* UITableView+EmptyStateView.swift in Sources */,
				7CBDB96423DA93C70061B35E /* SiteAlertCollectionView.swift in Sources */,
				7CBF24F423F3695F00C21C91 /* UserInfoTableViewCell.swift in Sources */,
				7C1B976C2395D9CC00FB345E /* AppDelegate.swift in Sources */,
				7CCC9C1D23A8633D00B4C1F1 /* AvaDetailsTableViewCell.swift in Sources */,
				7C2C71CA23E8E3C900F661CC /* ClassDetailCell.swift in Sources */,
				7C1B464523D4D04D003F976A /* AvaFileProvider.swift in Sources */,
				7CC28F4123B7AB5E00C0F300 /* CompleteScheduleViewController.swift in Sources */,
				7C60455D23A465C200AA11F7 /* UIActivityIndicatorView Extensions.swift in Sources */,
				0A9A819923B2A192000CF645 /* Subject+Int.swift in Sources */,
				7CD394582478CF9200614FB1 /* StyleConfiguration.swift in Sources */,
				0A9A819723B29F58000CF645 /* Date+String.swift in Sources */,
				7C60456923A483EE00AA11F7 /* AvaTableViewCell.swift in Sources */,
				7CBF24EA23F22C7B00C21C91 /* URL+Bool.swift in Sources */,
				7C84891923A6B6A600E02C28 /* UIViewController+Session.swift in Sources */,
				0A361F9B23CE1B53000F834D /* EmptyStateView.swift in Sources */,
				7C618238240DE503001ECEF8 /* HistoryDetailTableViewCell.swift in Sources */,
				7C62405323A5DF9600C5FA0D /* UICollectionViewCell+Style.swift in Sources */,
				7C45A73723F0E2650056A6C0 /* AvaAlertTableViewCell.swift in Sources */,
				7C60456723A4804200AA11F7 /* Identifiers.swift in Sources */,
				0AD0370623F308FE00E4FD7B /* SummaryButtonCell.swift in Sources */,
				7CD3174D23DFA1AF006A8803 /* SiteAlertCollectionViewCell.swift in Sources */,
				7C96A8DA24A593DF0086AAD1 /* Weekday.swift in Sources */,
				7C0819B123A86AFF008BA53E /* AvaWebViewController.swift in Sources */,
				7C08A3F724170A0900AAB46D /* CustomColors.swift in Sources */,
				0AE94B7E23AF1B0200751D18 /* NotificationsTableViewController.swift in Sources */,
				7C60456023A4798500AA11F7 /* ScheduleCollectionViewCell.swift in Sources */,
				7C81DF3623C283560089F906 /* SummaryViewController.swift in Sources */,
				7C96A8D824A591370086AAD1 /* ScheduleManager.swift in Sources */,
				7C1B976E2395D9CC00FB345E /* SceneDelegate.swift in Sources */,
				7CDDBB8E23A6D41B00E1B15F /* AvaHomeTableViewCell.swift in Sources */,
				7C81DF3A23C2B16B0089F906 /* MKMapView+Double.swift in Sources */,
				7C45A73223F06FCD0056A6C0 /* AvaAlertViewController.swift in Sources */,
				7CD3174B23DF9E3D006A8803 /* UIImageView+URL.swift in Sources */,
				7C32358623E900AA003DCEE1 /* Double+String.swift in Sources */,
				7CF581B62410519300DDD9E3 /* HistorySubjects+String.swift in Sources */,
				0A3C953623FB666F00E18D49 /* CourseShift.swift in Sources */,
				7C618234240DDD18001ECEF8 /* HistoryViewController.swift in Sources */,
				7C32358C23EB7B36003DCEE1 /* DetailCellType.swift in Sources */,
				0A9A81A023B2A7A3000CF645 /* Data+Demo.swift in Sources */,
				7C32358A23EA1CDD003DCEE1 /* ClassDetailViewController.swift in Sources */,
				7C62405523A67D4600C5FA0D /* String+Formatting.swift in Sources */,
				7C60456423A47E1F00AA11F7 /* ScheduleTableViewCell.swift in Sources */,
				7C0DDC932415B2AF00CDD053 /* HistorySubject+DESCSitcli.swift in Sources */,
				7C81DF3823C2AB320089F906 /* ClassroomLocationViewController.swift in Sources */,
				7C2C71CE23E8F9DA00F661CC /* LocationInfoCell.swift in Sources */,
				7C62405723A687C400C5FA0D /* Subject+String.swift in Sources */,
				0A9A81A223B2A7CA000CF645 /* DemoData.swift in Sources */,
				7C62405A23A6B34F00C5FA0D /* ProfileViewController.swift in Sources */,
				7C60456223A479A800AA11F7 /* AvaCollectionViewCell.swift in Sources */,
				7C1B464723D4D8D4003F976A /* AvaFilesViewController.swift in Sources */,
				7C60456B23A4840600AA11F7 /* ScheduleButtonTableViewCell.swift in Sources */,
				0AB8AAA223AA7BEA0057FB39 /* SelectedCellDelegate.swift in Sources */,
				7CC28F4323B7AC3900C0F300 /* CompleteScheduleTableViewCell.swift in Sources */,
				0AC7B9DE23E9C5CE005CDF70 /* ClassAttendanceTableViewCell.swift in Sources */,
				7CD3945A2478D54B00614FB1 /* AccessibilityConfiguration.swift in Sources */,
			);
			runOnlyForDeploymentPostprocessing = 0;
		};
/* End PBXSourcesBuildPhase section */

/* Begin PBXVariantGroup section */
		7C1B97712395D9CC00FB345E /* Main.storyboard */ = {
			isa = PBXVariantGroup;
			children = (
				7C1B97722395D9CC00FB345E /* Base */,
			);
			name = Main.storyboard;
			sourceTree = "<group>";
		};
		7C1B97762395D9CD00FB345E /* LaunchScreen.storyboard */ = {
			isa = PBXVariantGroup;
			children = (
				7C1B97772395D9CD00FB345E /* Base */,
			);
			name = LaunchScreen.storyboard;
			sourceTree = "<group>";
		};
/* End PBXVariantGroup section */

/* Begin XCBuildConfiguration section */
		7C1B977A2395D9CD00FB345E /* Debug */ = {
			isa = XCBuildConfiguration;
			buildSettings = {
				ALWAYS_SEARCH_USER_PATHS = NO;
				CLANG_ANALYZER_NONNULL = YES;
				CLANG_ANALYZER_NUMBER_OBJECT_CONVERSION = YES_AGGRESSIVE;
				CLANG_CXX_LANGUAGE_STANDARD = "gnu++14";
				CLANG_CXX_LIBRARY = "libc++";
				CLANG_ENABLE_MODULES = YES;
				CLANG_ENABLE_OBJC_ARC = YES;
				CLANG_ENABLE_OBJC_WEAK = YES;
				CLANG_WARN_BLOCK_CAPTURE_AUTORELEASING = YES;
				CLANG_WARN_BOOL_CONVERSION = YES;
				CLANG_WARN_COMMA = YES;
				CLANG_WARN_CONSTANT_CONVERSION = YES;
				CLANG_WARN_DEPRECATED_OBJC_IMPLEMENTATIONS = YES;
				CLANG_WARN_DIRECT_OBJC_ISA_USAGE = YES_ERROR;
				CLANG_WARN_DOCUMENTATION_COMMENTS = YES;
				CLANG_WARN_EMPTY_BODY = YES;
				CLANG_WARN_ENUM_CONVERSION = YES;
				CLANG_WARN_INFINITE_RECURSION = YES;
				CLANG_WARN_INT_CONVERSION = YES;
				CLANG_WARN_NON_LITERAL_NULL_CONVERSION = YES;
				CLANG_WARN_OBJC_IMPLICIT_RETAIN_SELF = YES;
				CLANG_WARN_OBJC_LITERAL_CONVERSION = YES;
				CLANG_WARN_OBJC_ROOT_CLASS = YES_ERROR;
				CLANG_WARN_RANGE_LOOP_ANALYSIS = YES;
				CLANG_WARN_STRICT_PROTOTYPES = YES;
				CLANG_WARN_SUSPICIOUS_MOVE = YES;
				CLANG_WARN_UNGUARDED_AVAILABILITY = YES_AGGRESSIVE;
				CLANG_WARN_UNREACHABLE_CODE = YES;
				CLANG_WARN__DUPLICATE_METHOD_MATCH = YES;
				COPY_PHASE_STRIP = NO;
				DEBUG_INFORMATION_FORMAT = dwarf;
				ENABLE_STRICT_OBJC_MSGSEND = YES;
				ENABLE_TESTABILITY = YES;
				GCC_C_LANGUAGE_STANDARD = gnu11;
				GCC_DYNAMIC_NO_PIC = NO;
				GCC_NO_COMMON_BLOCKS = YES;
				GCC_OPTIMIZATION_LEVEL = 0;
				GCC_PREPROCESSOR_DEFINITIONS = (
					"DEBUG=1",
					"$(inherited)",
				);
				GCC_WARN_64_TO_32_BIT_CONVERSION = YES;
				GCC_WARN_ABOUT_RETURN_TYPE = YES_ERROR;
				GCC_WARN_UNDECLARED_SELECTOR = YES;
				GCC_WARN_UNINITIALIZED_AUTOS = YES_AGGRESSIVE;
				GCC_WARN_UNUSED_FUNCTION = YES;
				GCC_WARN_UNUSED_VARIABLE = YES;
				IPHONEOS_DEPLOYMENT_TARGET = 13.2;
				MTL_ENABLE_DEBUG_INFO = INCLUDE_SOURCE;
				MTL_FAST_MATH = YES;
				ONLY_ACTIVE_ARCH = YES;
				SDKROOT = iphoneos;
				SWIFT_ACTIVE_COMPILATION_CONDITIONS = DEBUG;
				SWIFT_OPTIMIZATION_LEVEL = "-Onone";
			};
			name = Debug;
		};
		7C1B977B2395D9CD00FB345E /* Release */ = {
			isa = XCBuildConfiguration;
			buildSettings = {
				ALWAYS_SEARCH_USER_PATHS = NO;
				CLANG_ANALYZER_NONNULL = YES;
				CLANG_ANALYZER_NUMBER_OBJECT_CONVERSION = YES_AGGRESSIVE;
				CLANG_CXX_LANGUAGE_STANDARD = "gnu++14";
				CLANG_CXX_LIBRARY = "libc++";
				CLANG_ENABLE_MODULES = YES;
				CLANG_ENABLE_OBJC_ARC = YES;
				CLANG_ENABLE_OBJC_WEAK = YES;
				CLANG_WARN_BLOCK_CAPTURE_AUTORELEASING = YES;
				CLANG_WARN_BOOL_CONVERSION = YES;
				CLANG_WARN_COMMA = YES;
				CLANG_WARN_CONSTANT_CONVERSION = YES;
				CLANG_WARN_DEPRECATED_OBJC_IMPLEMENTATIONS = YES;
				CLANG_WARN_DIRECT_OBJC_ISA_USAGE = YES_ERROR;
				CLANG_WARN_DOCUMENTATION_COMMENTS = YES;
				CLANG_WARN_EMPTY_BODY = YES;
				CLANG_WARN_ENUM_CONVERSION = YES;
				CLANG_WARN_INFINITE_RECURSION = YES;
				CLANG_WARN_INT_CONVERSION = YES;
				CLANG_WARN_NON_LITERAL_NULL_CONVERSION = YES;
				CLANG_WARN_OBJC_IMPLICIT_RETAIN_SELF = YES;
				CLANG_WARN_OBJC_LITERAL_CONVERSION = YES;
				CLANG_WARN_OBJC_ROOT_CLASS = YES_ERROR;
				CLANG_WARN_RANGE_LOOP_ANALYSIS = YES;
				CLANG_WARN_STRICT_PROTOTYPES = YES;
				CLANG_WARN_SUSPICIOUS_MOVE = YES;
				CLANG_WARN_UNGUARDED_AVAILABILITY = YES_AGGRESSIVE;
				CLANG_WARN_UNREACHABLE_CODE = YES;
				CLANG_WARN__DUPLICATE_METHOD_MATCH = YES;
				COPY_PHASE_STRIP = NO;
				DEBUG_INFORMATION_FORMAT = "dwarf-with-dsym";
				ENABLE_NS_ASSERTIONS = NO;
				ENABLE_STRICT_OBJC_MSGSEND = YES;
				GCC_C_LANGUAGE_STANDARD = gnu11;
				GCC_NO_COMMON_BLOCKS = YES;
				GCC_WARN_64_TO_32_BIT_CONVERSION = YES;
				GCC_WARN_ABOUT_RETURN_TYPE = YES_ERROR;
				GCC_WARN_UNDECLARED_SELECTOR = YES;
				GCC_WARN_UNINITIALIZED_AUTOS = YES_AGGRESSIVE;
				GCC_WARN_UNUSED_FUNCTION = YES;
				GCC_WARN_UNUSED_VARIABLE = YES;
				IPHONEOS_DEPLOYMENT_TARGET = 13.2;
				MTL_ENABLE_DEBUG_INFO = NO;
				MTL_FAST_MATH = YES;
				SDKROOT = iphoneos;
				SWIFT_COMPILATION_MODE = wholemodule;
				SWIFT_OPTIMIZATION_LEVEL = "-O";
				VALIDATE_PRODUCT = YES;
			};
			name = Release;
		};
		7C1B977D2395D9CD00FB345E /* Debug */ = {
			isa = XCBuildConfiguration;
			buildSettings = {
				ASSETCATALOG_COMPILER_APPICON_NAME = AppIcon;
				CODE_SIGN_IDENTITY = "Apple Development";
				CODE_SIGN_STYLE = Automatic;
				DEVELOPMENT_TEAM = ZTGHLM6H83;
				INFOPLIST_FILE = "Puc Campinas/Info.plist";
				IPHONEOS_DEPLOYMENT_TARGET = 13.0;
				LD_RUNPATH_SEARCH_PATHS = (
					"$(inherited)",
					"@executable_path/Frameworks",
				);
				PRODUCT_BUNDLE_IDENTIFIER = "tfmartins.Puc-Campinas";
				PRODUCT_NAME = "$(TARGET_NAME)";
				PROVISIONING_PROFILE_SPECIFIER = "";
				SWIFT_VERSION = 5.0;
				TARGETED_DEVICE_FAMILY = 1;
			};
			name = Debug;
		};
		7C1B977E2395D9CD00FB345E /* Release */ = {
			isa = XCBuildConfiguration;
			buildSettings = {
				ASSETCATALOG_COMPILER_APPICON_NAME = AppIcon;
				CODE_SIGN_IDENTITY = "Apple Development";
				CODE_SIGN_STYLE = Automatic;
				DEVELOPMENT_TEAM = ZTGHLM6H83;
				INFOPLIST_FILE = "Puc Campinas/Info.plist";
				IPHONEOS_DEPLOYMENT_TARGET = 13.0;
				LD_RUNPATH_SEARCH_PATHS = (
					"$(inherited)",
					"@executable_path/Frameworks",
				);
				PRODUCT_BUNDLE_IDENTIFIER = "tfmartins.Puc-Campinas";
				PRODUCT_NAME = "$(TARGET_NAME)";
				PROVISIONING_PROFILE_SPECIFIER = "";
				SWIFT_VERSION = 5.0;
				TARGETED_DEVICE_FAMILY = 1;
			};
			name = Release;
		};
/* End XCBuildConfiguration section */

/* Begin XCConfigurationList section */
		7C1B97632395D9CB00FB345E /* Build configuration list for PBXProject "Puc Campinas" */ = {
			isa = XCConfigurationList;
			buildConfigurations = (
				7C1B977A2395D9CD00FB345E /* Debug */,
				7C1B977B2395D9CD00FB345E /* Release */,
			);
			defaultConfigurationIsVisible = 0;
			defaultConfigurationName = Release;
		};
		7C1B977C2395D9CD00FB345E /* Build configuration list for PBXNativeTarget "Puc Campinas" */ = {
			isa = XCConfigurationList;
			buildConfigurations = (
				7C1B977D2395D9CD00FB345E /* Debug */,
				7C1B977E2395D9CD00FB345E /* Release */,
			);
			defaultConfigurationIsVisible = 0;
			defaultConfigurationName = Release;
		};
/* End XCConfigurationList section */

/* Begin XCRemoteSwiftPackageReference section */
		7C1B464123D4CFC3003F976A /* XCRemoteSwiftPackageReference "FileProvider" */ = {
			isa = XCRemoteSwiftPackageReference;
			repositoryURL = "https://github.com/amosavian/FileProvider";
			requirement = {
				branch = master;
				kind = branch;
			};
		};
		7C1B977F2395DA0100FB345E /* XCRemoteSwiftPackageReference "PuccSwift" */ = {
			isa = XCRemoteSwiftPackageReference;
			repositoryURL = "https://github.com/tfmart/PuccSwift.git";
			requirement = {
				branch = master;
				kind = branch;
			};
		};
		7CBF24F723F4DCBE00C21C91 /* XCRemoteSwiftPackageReference "MKRingProgressView" */ = {
			isa = XCRemoteSwiftPackageReference;
			repositoryURL = "https://github.com/maxkonovalov/MKRingProgressView";
			requirement = {
				branch = master;
				kind = branch;
			};
		};
/* End XCRemoteSwiftPackageReference section */

/* Begin XCSwiftPackageProductDependency section */
		7C1B464223D4CFC3003F976A /* FilesProvider */ = {
			isa = XCSwiftPackageProductDependency;
			package = 7C1B464123D4CFC3003F976A /* XCRemoteSwiftPackageReference "FileProvider" */;
			productName = FilesProvider;
		};
		7C1B97802395DA0100FB345E /* PuccSwift */ = {
			isa = XCSwiftPackageProductDependency;
			package = 7C1B977F2395DA0100FB345E /* XCRemoteSwiftPackageReference "PuccSwift" */;
			productName = PuccSwift;
		};
		7CBF24F823F4DCBF00C21C91 /* MKRingProgressView */ = {
			isa = XCSwiftPackageProductDependency;
			package = 7CBF24F723F4DCBE00C21C91 /* XCRemoteSwiftPackageReference "MKRingProgressView" */;
			productName = MKRingProgressView;
		};
/* End XCSwiftPackageProductDependency section */
	};
	rootObject = 7C1B97602395D9CB00FB345E /* Project object */;
}
